{
  "name": "20-redux-basics-1",
  "version": "1.0.0",
  "lockfileVersion": 3,
  "requires": true,
  "packages": {
    "": {
      "name": "20-redux-basics-1",
      "version": "1.0.0",
      "license": "ISC",
      "dependencies": {
        "redux": "^5.0.1"
      },
      "devDependencies": {
        "prettier": "^3.5.3"
      }
    },
    "node_modules/prettier": {
      "version": "3.5.3",
      "resolved": "https://registry.npmjs.org/prettier/-/prettier-3.5.3.tgz",
      "integrity": "sha512-QQtaxnoDJeAkDvDKWCLiwIXkTgRhwYDEQCghU9Z6q03iyek/rxRh/2lC3HB7P8sWT2xC/y5JDctPLBIGzHKbhw==",
      "dev": true,
      "license": "MIT",
      "bin": {
        "prettier": "bin/prettier.cjs"
      },
      "engines": {
        "node": ">=14"
      },
      "funding": {
        "url": "https://github.com/prettier/prettier?sponsor=1"
      }
    },
    "node_modules/redux": {
      "version": "5.0.1",
      "resolved": "https://registry.npmjs.org/redux/-/redux-5.0.1.tgz",
      "integrity": "sha512-M9/ELqF6fy8FwmkpnF0S3YKOqMyoWJ4+CS5Efg2ct3oY9daQvd/Pc71FpGZsVsbl3Cpb+IIcjBDUnnyBdQbq4w==",
      "license": "MIT"
    }
  }
}
